{
  "name": "@elliottcable/bs-uchar",
  "version": "0.0.3",
  "lockfileVersion": 1,
  "requires": true,
  "dependencies": {
    "bs-platform": {
      "version": "5.0.1",
      "resolved": "https://registry.npmjs.org/bs-platform/-/bs-platform-5.0.1.tgz",
      "integrity": "sha512-k3b0G9JIlavtooyQukQNCyhnE6p400vR4Nx3pdKwQpo4xlnOrUOeHV+9TBj/XAuSRRDOOgw2H57iGTCPpLxjMg==",
      "dev": true
    }
  }
}
